
Microsoft Visual Studio Solution File, Format Version 12.00
# Visual Studio Version 16
VisualStudioVersion = 16.0.31112.23
MinimumVisualStudioVersion = 10.0.40219.1
Project("{FAE04EC0-301F-11D3-BF4B-00C04F79EFBC}") = "CloudGenEventsConsumer", "CloudGenEventsConsumer.csproj", "{EAD6D34B-5DDF-425F-9767-0AE07E5D2328}"
EndProject
Global
	GlobalSection(SolutionConfigurationPlatforms) = preSolution
		Debug|Any CPU = Debug|Any CPU
		Release|Any CPU = Release|Any CPU
	EndGlobalSection
	GlobalSection(ProjectConfigurationPlatforms) = postSolution
		{EAD6D34B-5DDF-425F-9767-0AE07E5D2328}.Debug|Any CPU.ActiveCfg = Debug|Any CPU
		{EAD6D34B-5DDF-425F-9767-0AE07E5D2328}.Debug|Any CPU.Build.0 = Debug|Any CPU
		{EAD6D34B-5DDF-425F-9767-0AE07E5D2328}.Release|Any CPU.ActiveCfg = Release|Any CPU
		{EAD6D34B-5DDF-425F-9767-0AE07E5D2328}.Release|Any CPU.Build.0 = Release|Any CPU
	EndGlobalSection
	GlobalSection(SolutionProperties) = preSolution
		HideSolutionNode = FALSE
	EndGlobalSection
	GlobalSection(ExtensibilityGlobals) = postSolution
		SolutionGuid = {D70A9FF2-0A22-4F3B-A473-D08A9721B062}
	EndGlobalSection
EndGlobal
